
Microsoft Visual Studio Solution File, Format Version 12.00
# Visual Studio Version 17
VisualStudioVersion = 17.11.35327.3
MinimumVisualStudioVersion = 10.0.40219.1
Project("{FAE04EC0-301F-11D3-BF4B-00C04F79EFBC}") = "pe.com.ciberelectrik.api", "pe.com.ciberelectrik.api\pe.com.ciberelectrik.api.csproj", "{823C8A84-54F9-4672-A435-AC82A23F31EE}"
EndProject
Global
	GlobalSection(SolutionConfigurationPlatforms) = preSolution
		Debug|Any CPU = Debug|Any CPU
		Release|Any CPU = Release|Any CPU
	EndGlobalSection
	GlobalSection(ProjectConfigurationPlatforms) = postSolution
		{823C8A84-54F9-4672-A435-AC82A23F31EE}.Debug|Any CPU.ActiveCfg = Debug|Any CPU
		{823C8A84-54F9-4672-A435-AC82A23F31EE}.Debug|Any CPU.Build.0 = Debug|Any CPU
		{823C8A84-54F9-4672-A435-AC82A23F31EE}.Release|Any CPU.ActiveCfg = Release|Any CPU
		{823C8A84-54F9-4672-A435-AC82A23F31EE}.Release|Any CPU.Build.0 = Release|Any CPU
	EndGlobalSection
	GlobalSection(SolutionProperties) = preSolution
		HideSolutionNode = FALSE
	EndGlobalSection
	GlobalSection(ExtensibilityGlobals) = postSolution
		SolutionGuid = {8B77A512-411C-416C-8EA5-5D51757F08F6}
	EndGlobalSection
EndGlobal
